
Microsoft Visual Studio Solution File, Format Version 12.00
# Visual Studio Version 16
VisualStudioVersion = 16.0.33328.57
MinimumVisualStudioVersion = 10.0.40219.1
Project("{FAE04EC0-301F-11D3-BF4B-00C04F79EFBC}") = "Jojo.WebUI", "Jojo.WebUI\Jojo.WebUI.csproj", "{2C5FC6D5-806B-4E39-9BCD-F036E1B4B0F4}"
EndProject
Global
	GlobalSection(SolutionConfigurationPlatforms) = preSolution
		Debug|Any CPU = Debug|Any CPU
		Release|Any CPU = Release|Any CPU
	EndGlobalSection
	GlobalSection(ProjectConfigurationPlatforms) = postSolution
		{2C5FC6D5-806B-4E39-9BCD-F036E1B4B0F4}.Debug|Any CPU.ActiveCfg = Debug|Any CPU
		{2C5FC6D5-806B-4E39-9BCD-F036E1B4B0F4}.Debug|Any CPU.Build.0 = Debug|Any CPU
		{2C5FC6D5-806B-4E39-9BCD-F036E1B4B0F4}.Release|Any CPU.ActiveCfg = Release|Any CPU
		{2C5FC6D5-806B-4E39-9BCD-F036E1B4B0F4}.Release|Any CPU.Build.0 = Release|Any CPU
	EndGlobalSection
	GlobalSection(SolutionProperties) = preSolution
		HideSolutionNode = FALSE
	EndGlobalSection
	GlobalSection(ExtensibilityGlobals) = postSolution
		SolutionGuid = {F7B3C5A8-3BA3-45B8-A463-D06E63104E5D}
	EndGlobalSection
EndGlobal
