
Microsoft Visual Studio Solution File, Format Version 12.00
# Visual Studio Version 17
VisualStudioVersion = 17.7.34221.43
MinimumVisualStudioVersion = 10.0.40219.1
Project("{9A19103F-16F7-4668-BE54-9A1E7A4F7556}") = "JafetGomez_PruebaTecnica", "CrudProductos\JafetGomez_PruebaTecnica.csproj", "{A463F7CA-199C-46A1-AB32-E5D81757D2FD}"
EndProject
Global
	GlobalSection(SolutionConfigurationPlatforms) = preSolution
		Debug|Any CPU = Debug|Any CPU
		Release|Any CPU = Release|Any CPU
	EndGlobalSection
	GlobalSection(ProjectConfigurationPlatforms) = postSolution
		{A463F7CA-199C-46A1-AB32-E5D81757D2FD}.Debug|Any CPU.ActiveCfg = Debug|Any CPU
		{A463F7CA-199C-46A1-AB32-E5D81757D2FD}.Debug|Any CPU.Build.0 = Debug|Any CPU
		{A463F7CA-199C-46A1-AB32-E5D81757D2FD}.Release|Any CPU.ActiveCfg = Release|Any CPU
		{A463F7CA-199C-46A1-AB32-E5D81757D2FD}.Release|Any CPU.Build.0 = Release|Any CPU
	EndGlobalSection
	GlobalSection(SolutionProperties) = preSolution
		HideSolutionNode = FALSE
	EndGlobalSection
	GlobalSection(ExtensibilityGlobals) = postSolution
		SolutionGuid = {F19A3DB6-1946-41FC-970C-0E08E72DC2FC}
	EndGlobalSection
EndGlobal
